
Microsoft Visual Studio Solution File, Format Version 12.00
# Visual Studio Version 16
VisualStudioVersion = 16.0.31313.79
MinimumVisualStudioVersion = 10.0.40219.1
Project("{9A19103F-16F7-4668-BE54-9A1E7A4F7556}") = "x-kom_simple_API", "x-kom_simple_API.csproj", "{88A1F6F7-FCCB-48C7-9EDB-40842F564430}"
EndProject
Project("{FAE04EC0-301F-11D3-BF4B-00C04F79EFBC}") = "x-kom_simple_APITests", "..\x-kom_simple_APITests\x-kom_simple_APITests.csproj", "{8C19827B-6258-450D-9E50-626EEFB0E921}"
EndProject
Global
	GlobalSection(SolutionConfigurationPlatforms) = preSolution
		Debug|Any CPU = Debug|Any CPU
		Release|Any CPU = Release|Any CPU
	EndGlobalSection
	GlobalSection(ProjectConfigurationPlatforms) = postSolution
		{88A1F6F7-FCCB-48C7-9EDB-40842F564430}.Debug|Any CPU.ActiveCfg = Debug|Any CPU
		{88A1F6F7-FCCB-48C7-9EDB-40842F564430}.Debug|Any CPU.Build.0 = Debug|Any CPU
		{88A1F6F7-FCCB-48C7-9EDB-40842F564430}.Release|Any CPU.ActiveCfg = Release|Any CPU
		{88A1F6F7-FCCB-48C7-9EDB-40842F564430}.Release|Any CPU.Build.0 = Release|Any CPU
		{8C19827B-6258-450D-9E50-626EEFB0E921}.Debug|Any CPU.ActiveCfg = Debug|Any CPU
		{8C19827B-6258-450D-9E50-626EEFB0E921}.Debug|Any CPU.Build.0 = Debug|Any CPU
		{8C19827B-6258-450D-9E50-626EEFB0E921}.Release|Any CPU.ActiveCfg = Release|Any CPU
		{8C19827B-6258-450D-9E50-626EEFB0E921}.Release|Any CPU.Build.0 = Release|Any CPU
	EndGlobalSection
	GlobalSection(SolutionProperties) = preSolution
		HideSolutionNode = FALSE
	EndGlobalSection
	GlobalSection(ExtensibilityGlobals) = postSolution
		SolutionGuid = {368CBF8F-32C9-4FEF-83E8-EBDB98755BB5}
	EndGlobalSection
EndGlobal
